
Microsoft Visual Studio Solution File, Format Version 12.00
# Visual Studio Version 16
VisualStudioVersion = 16.0.30717.126
MinimumVisualStudioVersion = 10.0.40219.1
Project("{8BC9CEB8-8B4A-11D0-8D11-00A0C91BC942}") = "2015_2", "2015_2.vcxproj", "{A1065A52-5043-420E-A284-D26EA731922D}"
EndProject
Global
	GlobalSection(SolutionConfigurationPlatforms) = preSolution
		Debug|x64 = Debug|x64
		Debug|x86 = Debug|x86
		Release|x64 = Release|x64
		Release|x86 = Release|x86
	EndGlobalSection
	GlobalSection(ProjectConfigurationPlatforms) = postSolution
		{A1065A52-5043-420E-A284-D26EA731922D}.Debug|x64.ActiveCfg = Debug|x64
		{A1065A52-5043-420E-A284-D26EA731922D}.Debug|x64.Build.0 = Debug|x64
		{A1065A52-5043-420E-A284-D26EA731922D}.Debug|x86.ActiveCfg = Debug|Win32
		{A1065A52-5043-420E-A284-D26EA731922D}.Debug|x86.Build.0 = Debug|Win32
		{A1065A52-5043-420E-A284-D26EA731922D}.Release|x64.ActiveCfg = Release|x64
		{A1065A52-5043-420E-A284-D26EA731922D}.Release|x64.Build.0 = Release|x64
		{A1065A52-5043-420E-A284-D26EA731922D}.Release|x86.ActiveCfg = Release|Win32
		{A1065A52-5043-420E-A284-D26EA731922D}.Release|x86.Build.0 = Release|Win32
	EndGlobalSection
	GlobalSection(SolutionProperties) = preSolution
		HideSolutionNode = FALSE
	EndGlobalSection
	GlobalSection(ExtensibilityGlobals) = postSolution
		SolutionGuid = {ADC982B2-517A-4D40-9DA4-8FB51BDEF233}
	EndGlobalSection
EndGlobal
