
Microsoft Visual Studio Solution File, Format Version 12.00
# Visual Studio Version 16
VisualStudioVersion = 16.0.30907.101
MinimumVisualStudioVersion = 10.0.40219.1
Project("{8BC9CEB8-8B4A-11D0-8D11-00A0C91BC942}") = "2015_5", "2015_5.vcxproj", "{D5527BF1-464A-41EF-97D5-49E7CE1D4147}"
EndProject
Global
	GlobalSection(SolutionConfigurationPlatforms) = preSolution
		Debug|x64 = Debug|x64
		Debug|x86 = Debug|x86
		Release|x64 = Release|x64
		Release|x86 = Release|x86
	EndGlobalSection
	GlobalSection(ProjectConfigurationPlatforms) = postSolution
		{D5527BF1-464A-41EF-97D5-49E7CE1D4147}.Debug|x64.ActiveCfg = Debug|x64
		{D5527BF1-464A-41EF-97D5-49E7CE1D4147}.Debug|x64.Build.0 = Debug|x64
		{D5527BF1-464A-41EF-97D5-49E7CE1D4147}.Debug|x86.ActiveCfg = Debug|Win32
		{D5527BF1-464A-41EF-97D5-49E7CE1D4147}.Debug|x86.Build.0 = Debug|Win32
		{D5527BF1-464A-41EF-97D5-49E7CE1D4147}.Release|x64.ActiveCfg = Release|x64
		{D5527BF1-464A-41EF-97D5-49E7CE1D4147}.Release|x64.Build.0 = Release|x64
		{D5527BF1-464A-41EF-97D5-49E7CE1D4147}.Release|x86.ActiveCfg = Release|Win32
		{D5527BF1-464A-41EF-97D5-49E7CE1D4147}.Release|x86.Build.0 = Release|Win32
	EndGlobalSection
	GlobalSection(SolutionProperties) = preSolution
		HideSolutionNode = FALSE
	EndGlobalSection
	GlobalSection(ExtensibilityGlobals) = postSolution
		SolutionGuid = {BD8EFA59-7A77-4C9A-8279-D993B9F57C3D}
	EndGlobalSection
EndGlobal
